
Microsoft Visual Studio Solution File, Format Version 12.00
# Visual Studio Version 17
VisualStudioVersion = 17.3.32922.545
MinimumVisualStudioVersion = 10.0.40219.1
Project("{FAE04EC0-301F-11D3-BF4B-00C04F79EFBC}") = "Kavasdan_Patricia_lab2", "Kavasdan_Patricia_lab2.csproj", "{47DC0C1B-549D-4179-BBF8-06393DC9935D}"
EndProject
Global
	GlobalSection(SolutionConfigurationPlatforms) = preSolution
		Debug|Any CPU = Debug|Any CPU
		Release|Any CPU = Release|Any CPU
	EndGlobalSection
	GlobalSection(ProjectConfigurationPlatforms) = postSolution
		{47DC0C1B-549D-4179-BBF8-06393DC9935D}.Debug|Any CPU.ActiveCfg = Debug|Any CPU
		{47DC0C1B-549D-4179-BBF8-06393DC9935D}.Debug|Any CPU.Build.0 = Debug|Any CPU
		{47DC0C1B-549D-4179-BBF8-06393DC9935D}.Release|Any CPU.ActiveCfg = Release|Any CPU
		{47DC0C1B-549D-4179-BBF8-06393DC9935D}.Release|Any CPU.Build.0 = Release|Any CPU
	EndGlobalSection
	GlobalSection(SolutionProperties) = preSolution
		HideSolutionNode = FALSE
	EndGlobalSection
	GlobalSection(ExtensibilityGlobals) = postSolution
		SolutionGuid = {FD41CACE-8BBE-481B-AC60-BAF1A20191AA}
	EndGlobalSection
EndGlobal
